// !$*UTF8*$!
{
	archiveVersion = 1;
	classes = {
	};
	objectVersion = 50;
	objects = {

/* Begin PBXBuildFile section */
		B65724C326B5FDDD00FA53B6 /* experimental_annotation.swift in Sources */ = {isa = PBXBuildFile; fileRef = B65724BE26B5FDDD00FA53B6 /* experimental_annotation.swift */; };
		B65724C426B5FDDD00FA53B6 /* LengthAnnotation.swift in Sources */ = {isa = PBXBuildFile; fileRef = B65724C026B5FDDD00FA53B6 /* LengthAnnotation.swift */; };
		B65724C526B5FDDD00FA53B6 /* LowCaseAnnotation.swift in Sources */ = {isa = PBXBuildFile; fileRef = B65724C126B5FDDD00FA53B6 /* LowCaseAnnotation.swift */; };
		B65724C626B5FDDD00FA53B6 /* EmailAnnotation.swift in Sources */ = {isa = PBXBuildFile; fileRef = B65724C226B5FDDD00FA53B6 /* EmailAnnotation.swift */; };
		B65724E226B5FE1D00FA53B6 /* Tests.swift in Sources */ = {isa = PBXBuildFile; fileRef = B65724E126B5FE1D00FA53B6 /* Tests.swift */; };
		B65724E426B5FE1D00FA53B6 /* libesperimental-annotation-swift.a in Frameworks */ = {isa = PBXBuildFile; fileRef = B657248626B5FCEF00FA53B6 /* libesperimental-annotation-swift.a */; };
		B65724EE26B5FE2700FA53B6 /* TestGroup.swift in Sources */ = {isa = PBXBuildFile; fileRef = B65724EC26B5FE2700FA53B6 /* TestGroup.swift */; };
		B65724EF26B5FE2700FA53B6 /* TestAnnotation.swift in Sources */ = {isa = PBXBuildFile; fileRef = B65724ED26B5FE2700FA53B6 /* TestAnnotation.swift */; };
/* End PBXBuildFile section */

/* Begin PBXContainerItemProxy section */
		B65724E526B5FE1D00FA53B6 /* PBXContainerItemProxy */ = {
			isa = PBXContainerItemProxy;
			containerPortal = B657247E26B5FCEF00FA53B6 /* Project object */;
			proxyType = 1;
			remoteGlobalIDString = B657248526B5FCEF00FA53B6;
			remoteInfo = "esperimental-annotation-swift";
		};
/* End PBXContainerItemProxy section */

/* Begin PBXCopyFilesBuildPhase section */
		B657248426B5FCEF00FA53B6 /* CopyFiles */ = {
			isa = PBXCopyFilesBuildPhase;
			buildActionMask = 2147483647;
			dstPath = "include/$(PRODUCT_NAME)";
			dstSubfolderSpec = 16;
			files = (
			);
			runOnlyForDeploymentPostprocessing = 0;
		};
/* End PBXCopyFilesBuildPhase section */

/* Begin PBXFileReference section */
		B657248626B5FCEF00FA53B6 /* libesperimental-annotation-swift.a */ = {isa = PBXFileReference; explicitFileType = archive.ar; includeInIndex = 0; path = "libesperimental-annotation-swift.a"; sourceTree = BUILT_PRODUCTS_DIR; };
		B65724BE26B5FDDD00FA53B6 /* experimental_annotation.swift */ = {isa = PBXFileReference; fileEncoding = 4; lastKnownFileType = sourcecode.swift; path = experimental_annotation.swift; sourceTree = "<group>"; };
		B65724C026B5FDDD00FA53B6 /* LengthAnnotation.swift */ = {isa = PBXFileReference; fileEncoding = 4; lastKnownFileType = sourcecode.swift; path = LengthAnnotation.swift; sourceTree = "<group>"; };
		B65724C126B5FDDD00FA53B6 /* LowCaseAnnotation.swift */ = {isa = PBXFileReference; fileEncoding = 4; lastKnownFileType = sourcecode.swift; path = LowCaseAnnotation.swift; sourceTree = "<group>"; };
		B65724C226B5FDDD00FA53B6 /* EmailAnnotation.swift */ = {isa = PBXFileReference; fileEncoding = 4; lastKnownFileType = sourcecode.swift; path = EmailAnnotation.swift; sourceTree = "<group>"; };
		B65724DF26B5FE1D00FA53B6 /* Tests.xctest */ = {isa = PBXFileReference; explicitFileType = wrapper.cfbundle; includeInIndex = 0; path = Tests.xctest; sourceTree = BUILT_PRODUCTS_DIR; };
		B65724E126B5FE1D00FA53B6 /* Tests.swift */ = {isa = PBXFileReference; lastKnownFileType = sourcecode.swift; path = Tests.swift; sourceTree = "<group>"; };
		B65724E326B5FE1D00FA53B6 /* Info.plist */ = {isa = PBXFileReference; lastKnownFileType = text.plist.xml; path = Info.plist; sourceTree = "<group>"; };
		B65724EC26B5FE2700FA53B6 /* TestGroup.swift */ = {isa = PBXFileReference; fileEncoding = 4; lastKnownFileType = sourcecode.swift; path = TestGroup.swift; sourceTree = "<group>"; };
		B65724ED26B5FE2700FA53B6 /* TestAnnotation.swift */ = {isa = PBXFileReference; fileEncoding = 4; lastKnownFileType = sourcecode.swift; path = TestAnnotation.swift; sourceTree = "<group>"; };
/* End PBXFileReference section */

/* Begin PBXFrameworksBuildPhase section */
		B657248326B5FCEF00FA53B6 /* Frameworks */ = {
			isa = PBXFrameworksBuildPhase;
			buildActionMask = 2147483647;
			files = (
			);
			runOnlyForDeploymentPostprocessing = 0;
		};
		B65724DC26B5FE1D00FA53B6 /* Frameworks */ = {
			isa = PBXFrameworksBuildPhase;
			buildActionMask = 2147483647;
			files = (
				B65724E426B5FE1D00FA53B6 /* libesperimental-annotation-swift.a in Frameworks */,
			);
			runOnlyForDeploymentPostprocessing = 0;
		};
/* End PBXFrameworksBuildPhase section */

/* Begin PBXGroup section */
		B657247D26B5FCEF00FA53B6 = {
			isa = PBXGroup;
			children = (
				B65724BD26B5FDDD00FA53B6 /* Sources */,
				B65724E026B5FE1D00FA53B6 /* Tests */,
				B657248726B5FCEF00FA53B6 /* Products */,
			);
			sourceTree = "<group>";
		};
		B657248726B5FCEF00FA53B6 /* Products */ = {
			isa = PBXGroup;
			children = (
				B657248626B5FCEF00FA53B6 /* libesperimental-annotation-swift.a */,
				B65724DF26B5FE1D00FA53B6 /* Tests.xctest */,
			);
			name = Products;
			sourceTree = "<group>";
		};
		B65724BD26B5FDDD00FA53B6 /* Sources */ = {
			isa = PBXGroup;
			children = (
				B65724BE26B5FDDD00FA53B6 /* experimental_annotation.swift */,
				B65724BF26B5FDDD00FA53B6 /* annotations */,
			);
			path = Sources;
			sourceTree = "<group>";
		};
		B65724BF26B5FDDD00FA53B6 /* annotations */ = {
			isa = PBXGroup;
			children = (
				B65724C026B5FDDD00FA53B6 /* LengthAnnotation.swift */,
				B65724C126B5FDDD00FA53B6 /* LowCaseAnnotation.swift */,
				B65724C226B5FDDD00FA53B6 /* EmailAnnotation.swift */,
			);
			path = annotations;
			sourceTree = "<group>";
		};
		B65724E026B5FE1D00FA53B6 /* Tests */ = {
			isa = PBXGroup;
			children = (
				B65724ED26B5FE2700FA53B6 /* TestAnnotation.swift */,
				B65724EC26B5FE2700FA53B6 /* TestGroup.swift */,
				B65724E126B5FE1D00FA53B6 /* Tests.swift */,
				B65724E326B5FE1D00FA53B6 /* Info.plist */,
			);
			path = Tests;
			sourceTree = "<group>";
		};
/* End PBXGroup section */

/* Begin PBXNativeTarget section */
		B657248526B5FCEF00FA53B6 /* esperimental-annotation-swift */ = {
			isa = PBXNativeTarget;
			buildConfigurationList = B657248D26B5FCEF00FA53B6 /* Build configuration list for PBXNativeTarget "esperimental-annotation-swift" */;
			buildPhases = (
				B657248226B5FCEF00FA53B6 /* Sources */,
				B657248326B5FCEF00FA53B6 /* Frameworks */,
				B657248426B5FCEF00FA53B6 /* CopyFiles */,
			);
			buildRules = (
			);
			dependencies = (
			);
			name = "esperimental-annotation-swift";
			productName = "esperimental-annotation-swift";
			productReference = B657248626B5FCEF00FA53B6 /* libesperimental-annotation-swift.a */;
			productType = "com.apple.product-type.library.static";
		};
		B65724DE26B5FE1D00FA53B6 /* Tests */ = {
			isa = PBXNativeTarget;
			buildConfigurationList = B65724E726B5FE1D00FA53B6 /* Build configuration list for PBXNativeTarget "Tests" */;
			buildPhases = (
				B65724DB26B5FE1D00FA53B6 /* Sources */,
				B65724DC26B5FE1D00FA53B6 /* Frameworks */,
				B65724DD26B5FE1D00FA53B6 /* Resources */,
			);
			buildRules = (
			);
			dependencies = (
				B65724E626B5FE1D00FA53B6 /* PBXTargetDependency */,
			);
			name = Tests;
			productName = Tests;
			productReference = B65724DF26B5FE1D00FA53B6 /* Tests.xctest */;
			productType = "com.apple.product-type.bundle.unit-test";
		};
/* End PBXNativeTarget section */

/* Begin PBXProject section */
		B657247E26B5FCEF00FA53B6 /* Project object */ = {
			isa = PBXProject;
			attributes = {
				LastSwiftUpdateCheck = 1240;
				LastUpgradeCheck = 1240;
				TargetAttributes = {
					B657248526B5FCEF00FA53B6 = {
						CreatedOnToolsVersion = 12.4;
					};
					B65724DE26B5FE1D00FA53B6 = {
						CreatedOnToolsVersion = 12.4;
					};
				};
			};
			buildConfigurationList = B657248126B5FCEF00FA53B6 /* Build configuration list for PBXProject "esperimental-annotation-swift" */;
			compatibilityVersion = "Xcode 9.3";
			developmentRegion = en;
			hasScannedForEncodings = 0;
			knownRegions = (
				en,
				Base,
			);
			mainGroup = B657247D26B5FCEF00FA53B6;
			productRefGroup = B657248726B5FCEF00FA53B6 /* Products */;
			projectDirPath = "";
			projectRoot = "";
			targets = (
				B657248526B5FCEF00FA53B6 /* esperimental-annotation-swift */,
				B65724DE26B5FE1D00FA53B6 /* Tests */,
			);
		};
/* End PBXProject section */

/* Begin PBXResourcesBuildPhase section */
		B65724DD26B5FE1D00FA53B6 /* Resources */ = {
			isa = PBXResourcesBuildPhase;
			buildActionMask = 2147483647;
			files = (
			);
			runOnlyForDeploymentPostprocessing = 0;
		};
/* End PBXResourcesBuildPhase section */

/* Begin PBXSourcesBuildPhase section */
		B657248226B5FCEF00FA53B6 /* Sources */ = {
			isa = PBXSourcesBuildPhase;
			buildActionMask = 2147483647;
			files = (
				B65724C526B5FDDD00FA53B6 /* LowCaseAnnotation.swift in Sources */,
				B65724C426B5FDDD00FA53B6 /* LengthAnnotation.swift in Sources */,
				B65724C326B5FDDD00FA53B6 /* experimental_annotation.swift in Sources */,
				B65724C626B5FDDD00FA53B6 /* EmailAnnotation.swift in Sources */,
			);
			runOnlyForDeploymentPostprocessing = 0;
		};
		B65724DB26B5FE1D00FA53B6 /* Sources */ = {
			isa = PBXSourcesBuildPhase;
			buildActionMask = 2147483647;
			files = (
				B65724EF26B5FE2700FA53B6 /* TestAnnotation.swift in Sources */,
				B65724E226B5FE1D00FA53B6 /* Tests.swift in Sources */,
				B65724EE26B5FE2700FA53B6 /* TestGroup.swift in Sources */,
			);
			runOnlyForDeploymentPostprocessing = 0;
		};
/* End PBXSourcesBuildPhase section */

/* Begin PBXTargetDependency section */
		B65724E626B5FE1D00FA53B6 /* PBXTargetDependency */ = {
			isa = PBXTargetDependency;
			target = B657248526B5FCEF00FA53B6 /* esperimental-annotation-swift */;
			targetProxy = B65724E526B5FE1D00FA53B6 /* PBXContainerItemProxy */;
		};
/* End PBXTargetDependency section */

/* Begin XCBuildConfiguration section */
		B657248B26B5FCEF00FA53B6 /* Debug */ = {
			isa = XCBuildConfiguration;
			buildSettings = {
				ALWAYS_SEARCH_USER_PATHS = NO;
				CLANG_ANALYZER_NONNULL = YES;
				CLANG_ANALYZER_NUMBER_OBJECT_CONVERSION = YES_AGGRESSIVE;
				CLANG_CXX_LANGUAGE_STANDARD = "gnu++14";
				CLANG_CXX_LIBRARY = "libc++";
				CLANG_ENABLE_MODULES = YES;
				CLANG_ENABLE_OBJC_ARC = YES;
				CLANG_ENABLE_OBJC_WEAK = YES;
				CLANG_WARN_BLOCK_CAPTURE_AUTORELEASING = YES;
				CLANG_WARN_BOOL_CONVERSION = YES;
				CLANG_WARN_COMMA = YES;
				CLANG_WARN_CONSTANT_CONVERSION = YES;
				CLANG_WARN_DEPRECATED_OBJC_IMPLEMENTATIONS = YES;
				CLANG_WARN_DIRECT_OBJC_ISA_USAGE = YES_ERROR;
				CLANG_WARN_DOCUMENTATION_COMMENTS = YES;
				CLANG_WARN_EMPTY_BODY = YES;
				CLANG_WARN_ENUM_CONVERSION = YES;
				CLANG_WARN_INFINITE_RECURSION = YES;
				CLANG_WARN_INT_CONVERSION = YES;
				CLANG_WARN_NON_LITERAL_NULL_CONVERSION = YES;
				CLANG_WARN_OBJC_IMPLICIT_RETAIN_SELF = YES;
				CLANG_WARN_OBJC_LITERAL_CONVERSION = YES;
				CLANG_WARN_OBJC_ROOT_CLASS = YES_ERROR;
				CLANG_WARN_QUOTED_INCLUDE_IN_FRAMEWORK_HEADER = YES;
				CLANG_WARN_RANGE_LOOP_ANALYSIS = YES;
				CLANG_WARN_STRICT_PROTOTYPES = YES;
				CLANG_WARN_SUSPICIOUS_MOVE = YES;
				CLANG_WARN_UNGUARDED_AVAILABILITY = YES_AGGRESSIVE;
				CLANG_WARN_UNREACHABLE_CODE = YES;
				CLANG_WARN__DUPLICATE_METHOD_MATCH = YES;
				COPY_PHASE_STRIP = NO;
				DEBUG_INFORMATION_FORMAT = dwarf;
				ENABLE_STRICT_OBJC_MSGSEND = YES;
				ENABLE_TESTABILITY = YES;
				GCC_C_LANGUAGE_STANDARD = gnu11;
				GCC_DYNAMIC_NO_PIC = NO;
				GCC_NO_COMMON_BLOCKS = YES;
				GCC_OPTIMIZATION_LEVEL = 0;
				GCC_PREPROCESSOR_DEFINITIONS = (
					"DEBUG=1",
					"$(inherited)",
				);
				GCC_WARN_64_TO_32_BIT_CONVERSION = YES;
				GCC_WARN_ABOUT_RETURN_TYPE = YES_ERROR;
				GCC_WARN_UNDECLARED_SELECTOR = YES;
				GCC_WARN_UNINITIALIZED_AUTOS = YES_AGGRESSIVE;
				GCC_WARN_UNUSED_FUNCTION = YES;
				GCC_WARN_UNUSED_VARIABLE = YES;
				IPHONEOS_DEPLOYMENT_TARGET = 14.4;
				MTL_ENABLE_DEBUG_INFO = INCLUDE_SOURCE;
				MTL_FAST_MATH = YES;
				ONLY_ACTIVE_ARCH = YES;
				SDKROOT = iphoneos;
				SWIFT_ACTIVE_COMPILATION_CONDITIONS = DEBUG;
				SWIFT_OPTIMIZATION_LEVEL = "-Onone";
			};
			name = Debug;
		};
		B657248C26B5FCEF00FA53B6 /* Release */ = {
			isa = XCBuildConfiguration;
			buildSettings = {
				ALWAYS_SEARCH_USER_PATHS = NO;
				CLANG_ANALYZER_NONNULL = YES;
				CLANG_ANALYZER_NUMBER_OBJECT_CONVERSION = YES_AGGRESSIVE;
				CLANG_CXX_LANGUAGE_STANDARD = "gnu++14";
				CLANG_CXX_LIBRARY = "libc++";
				CLANG_ENABLE_MODULES = YES;
				CLANG_ENABLE_OBJC_ARC = YES;
				CLANG_ENABLE_OBJC_WEAK = YES;
				CLANG_WARN_BLOCK_CAPTURE_AUTORELEASING = YES;
				CLANG_WARN_BOOL_CONVERSION = YES;
				CLANG_WARN_COMMA = YES;
				CLANG_WARN_CONSTANT_CONVERSION = YES;
				CLANG_WARN_DEPRECATED_OBJC_IMPLEMENTATIONS = YES;
				CLANG_WARN_DIRECT_OBJC_ISA_USAGE = YES_ERROR;
				CLANG_WARN_DOCUMENTATION_COMMENTS = YES;
				CLANG_WARN_EMPTY_BODY = YES;
				CLANG_WARN_ENUM_CONVERSION = YES;
				CLANG_WARN_INFINITE_RECURSION = YES;
				CLANG_WARN_INT_CONVERSION = YES;
				CLANG_WARN_NON_LITERAL_NULL_CONVERSION = YES;
				CLANG_WARN_OBJC_IMPLICIT_RETAIN_SELF = YES;
				CLANG_WARN_OBJC_LITERAL_CONVERSION = YES;
				CLANG_WARN_OBJC_ROOT_CLASS = YES_ERROR;
				CLANG_WARN_QUOTED_INCLUDE_IN_FRAMEWORK_HEADER = YES;
				CLANG_WARN_RANGE_LOOP_ANALYSIS = YES;
				CLANG_WARN_STRICT_PROTOTYPES = YES;
				CLANG_WARN_SUSPICIOUS_MOVE = YES;
				CLANG_WARN_UNGUARDED_AVAILABILITY = YES_AGGRESSIVE;
				CLANG_WARN_UNREACHABLE_CODE = YES;
				CLANG_WARN__DUPLICATE_METHOD_MATCH = YES;
				COPY_PHASE_STRIP = NO;
				DEBUG_INFORMATION_FORMAT = "dwarf-with-dsym";
				ENABLE_NS_ASSERTIONS = NO;
				ENABLE_STRICT_OBJC_MSGSEND = YES;
				GCC_C_LANGUAGE_STANDARD = gnu11;
				GCC_NO_COMMON_BLOCKS = YES;
				GCC_WARN_64_TO_32_BIT_CONVERSION = YES;
				GCC_WARN_ABOUT_RETURN_TYPE = YES_ERROR;
				GCC_WARN_UNDECLARED_SELECTOR = YES;
				GCC_WARN_UNINITIALIZED_AUTOS = YES_AGGRESSIVE;
				GCC_WARN_UNUSED_FUNCTION = YES;
				GCC_WARN_UNUSED_VARIABLE = YES;
				IPHONEOS_DEPLOYMENT_TARGET = 14.4;
				MTL_ENABLE_DEBUG_INFO = NO;
				MTL_FAST_MATH = YES;
				SDKROOT = iphoneos;
				SWIFT_COMPILATION_MODE = wholemodule;
				SWIFT_OPTIMIZATION_LEVEL = "-O";
				VALIDATE_PRODUCT = YES;
			};
			name = Release;
		};
		B657248E26B5FCEF00FA53B6 /* Debug */ = {
			isa = XCBuildConfiguration;
			buildSettings = {
				CODE_SIGN_STYLE = Automatic;
				DEVELOPMENT_TEAM = W7DAJUM9J6;
				OTHER_LDFLAGS = "-ObjC";
				PRODUCT_NAME = "$(TARGET_NAME)";
				SKIP_INSTALL = YES;
				SWIFT_VERSION = 5.0;
				TARGETED_DEVICE_FAMILY = "1,2";
			};
			name = Debug;
		};
		B657248F26B5FCEF00FA53B6 /* Release */ = {
			isa = XCBuildConfiguration;
			buildSettings = {
				CODE_SIGN_STYLE = Automatic;
				DEVELOPMENT_TEAM = W7DAJUM9J6;
				OTHER_LDFLAGS = "-ObjC";
				PRODUCT_NAME = "$(TARGET_NAME)";
				SKIP_INSTALL = YES;
				SWIFT_VERSION = 5.0;
				TARGETED_DEVICE_FAMILY = "1,2";
			};
			name = Release;
		};
		B65724E826B5FE1D00FA53B6 /* Debug */ = {
			isa = XCBuildConfiguration;
			buildSettings = {
				CODE_SIGN_STYLE = Automatic;
				DEVELOPMENT_TEAM = W7DAJUM9J6;
				INFOPLIST_FILE = Tests/Info.plist;
				LD_RUNPATH_SEARCH_PATHS = (
					"$(inherited)",
					"@executable_path/Frameworks",
					"@loader_path/Frameworks",
				);
				PRODUCT_BUNDLE_IDENTIFIER = com.fsaldivar.Tests;
				PRODUCT_NAME = "$(TARGET_NAME)";
				SWIFT_VERSION = 5.0;
				TARGETED_DEVICE_FAMILY = "1,2";
			};
			name = Debug;
		};
		B65724E926B5FE1D00FA53B6 /* Release */ = {
			isa = XCBuildConfiguration;
			buildSettings = {
				CODE_SIGN_STYLE = Automatic;
				DEVELOPMENT_TEAM = W7DAJUM9J6;
				INFOPLIST_FILE = Tests/Info.plist;
				LD_RUNPATH_SEARCH_PATHS = (
					"$(inherited)",
					"@executable_path/Frameworks",
					"@loader_path/Frameworks",
				);
				PRODUCT_BUNDLE_IDENTIFIER = com.fsaldivar.Tests;
				PRODUCT_NAME = "$(TARGET_NAME)";
				SWIFT_VERSION = 5.0;
				TARGETED_DEVICE_FAMILY = "1,2";
			};
			name = Release;
		};
/* End XCBuildConfiguration section */

/* Begin XCConfigurationList section */
		B657248126B5FCEF00FA53B6 /* Build configuration list for PBXProject "esperimental-annotation-swift" */ = {
			isa = XCConfigurationList;
			buildConfigurations = (
				B657248B26B5FCEF00FA53B6 /* Debug */,
				B657248C26B5FCEF00FA53B6 /* Release */,
			);
			defaultConfigurationIsVisible = 0;
			defaultConfigurationName = Release;
		};
		B657248D26B5FCEF00FA53B6 /* Build configuration list for PBXNativeTarget "esperimental-annotation-swift" */ = {
			isa = XCConfigurationList;
			buildConfigurations = (
				B657248E26B5FCEF00FA53B6 /* Debug */,
				B657248F26B5FCEF00FA53B6 /* Release */,
			);
			defaultConfigurationIsVisible = 0;
			defaultConfigurationName = Release;
		};
		B65724E726B5FE1D00FA53B6 /* Build configuration list for PBXNativeTarget "Tests" */ = {
			isa = XCConfigurationList;
			buildConfigurations = (
				B65724E826B5FE1D00FA53B6 /* Debug */,
				B65724E926B5FE1D00FA53B6 /* Release */,
			);
			defaultConfigurationIsVisible = 0;
			defaultConfigurationName = Release;
		};
/* End XCConfigurationList section */
	};
	rootObject = B657247E26B5FCEF00FA53B6 /* Project object */;
}
