// !$*UTF8*$!
{
	archiveVersion = 1;
	classes = {
	};
	objectVersion = 55;
	objects = {

/* Begin PBXBuildFile section */
		050DBE1540B071F8EB5F4C36 /* Pods_Example.framework in Frameworks */ = {isa = PBXBuildFile; fileRef = 623E75E720F5D301067C5D05 /* Pods_Example.framework */; };
		B67D30EB28974AF8004FC40B /* AppDelegate.swift in Sources */ = {isa = PBXBuildFile; fileRef = B67D30EA28974AF8004FC40B /* AppDelegate.swift */; };
		B67D30ED28974AF8004FC40B /* SceneDelegate.swift in Sources */ = {isa = PBXBuildFile; fileRef = B67D30EC28974AF8004FC40B /* SceneDelegate.swift */; };
		B67D30EF28974AF8004FC40B /* ViewController.swift in Sources */ = {isa = PBXBuildFile; fileRef = B67D30EE28974AF8004FC40B /* ViewController.swift */; };
		B67D30F228974AF8004FC40B /* Main.storyboard in Resources */ = {isa = PBXBuildFile; fileRef = B67D30F028974AF8004FC40B /* Main.storyboard */; };
		B67D30F728974B00004FC40B /* Assets.xcassets in Resources */ = {isa = PBXBuildFile; fileRef = B67D30F628974B00004FC40B /* Assets.xcassets */; };
		B67D30FA28974B00004FC40B /* LaunchScreen.storyboard in Resources */ = {isa = PBXBuildFile; fileRef = B67D30F828974B00004FC40B /* LaunchScreen.storyboard */; };
		B67D310528974B00004FC40B /* ExampleTests.swift in Sources */ = {isa = PBXBuildFile; fileRef = B67D310428974B00004FC40B /* ExampleTests.swift */; };
		B67D310F28974B00004FC40B /* ExampleUITests.swift in Sources */ = {isa = PBXBuildFile; fileRef = B67D310E28974B00004FC40B /* ExampleUITests.swift */; };
		B67D311128974B00004FC40B /* ExampleUITestsLaunchTests.swift in Sources */ = {isa = PBXBuildFile; fileRef = B67D311028974B00004FC40B /* ExampleUITestsLaunchTests.swift */; };
		B67D312128974B93004FC40B /* README.md in Resources */ = {isa = PBXBuildFile; fileRef = B67D311F28974B92004FC40B /* README.md */; };
		B67D312228974B93004FC40B /* AnnotationSwift.podspec in Resources */ = {isa = PBXBuildFile; fileRef = B67D312028974B93004FC40B /* AnnotationSwift.podspec */; };
		B67D312428974B9E004FC40B /* Podfile in Resources */ = {isa = PBXBuildFile; fileRef = B67D312328974B9E004FC40B /* Podfile */; };
		B67D312628975292004FC40B /* LICENSE.md in Resources */ = {isa = PBXBuildFile; fileRef = B67D312528975291004FC40B /* LICENSE.md */; };
		B67D3128289769B4004FC40B /* Changelog.md in Resources */ = {isa = PBXBuildFile; fileRef = B67D3127289769B4004FC40B /* Changelog.md */; };
		F22D599CA597C4423E5A7A62 /* Pods_ExampleTests.framework in Frameworks */ = {isa = PBXBuildFile; fileRef = CCA026791278CAB596EF75F5 /* Pods_ExampleTests.framework */; };
		F51340115F0D1DF5A7C6DEAC /* Pods_Example_ExampleUITests.framework in Frameworks */ = {isa = PBXBuildFile; fileRef = D36C3F0D24D2162299CF483E /* Pods_Example_ExampleUITests.framework */; };
/* End PBXBuildFile section */

/* Begin PBXContainerItemProxy section */
		B67D310128974B00004FC40B /* PBXContainerItemProxy */ = {
			isa = PBXContainerItemProxy;
			containerPortal = B67D30DF28974AF8004FC40B /* Project object */;
			proxyType = 1;
			remoteGlobalIDString = B67D30E628974AF8004FC40B;
			remoteInfo = Example;
		};
		B67D310B28974B00004FC40B /* PBXContainerItemProxy */ = {
			isa = PBXContainerItemProxy;
			containerPortal = B67D30DF28974AF8004FC40B /* Project object */;
			proxyType = 1;
			remoteGlobalIDString = B67D30E628974AF8004FC40B;
			remoteInfo = Example;
		};
/* End PBXContainerItemProxy section */

/* Begin PBXFileReference section */
		280BE5CB2F560A91EAFD23F4 /* Pods-Example.debug.xcconfig */ = {isa = PBXFileReference; includeInIndex = 1; lastKnownFileType = text.xcconfig; name = "Pods-Example.debug.xcconfig"; path = "Target Support Files/Pods-Example/Pods-Example.debug.xcconfig"; sourceTree = "<group>"; };
		623E75E720F5D301067C5D05 /* Pods_Example.framework */ = {isa = PBXFileReference; explicitFileType = wrapper.framework; includeInIndex = 0; path = Pods_Example.framework; sourceTree = BUILT_PRODUCTS_DIR; };
		7DED1ABF02E636F2243BDA0D /* Pods-ExampleTests.debug.xcconfig */ = {isa = PBXFileReference; includeInIndex = 1; lastKnownFileType = text.xcconfig; name = "Pods-ExampleTests.debug.xcconfig"; path = "Target Support Files/Pods-ExampleTests/Pods-ExampleTests.debug.xcconfig"; sourceTree = "<group>"; };
		9239849B26B77F4E4C296A58 /* Pods-Example.release.xcconfig */ = {isa = PBXFileReference; includeInIndex = 1; lastKnownFileType = text.xcconfig; name = "Pods-Example.release.xcconfig"; path = "Target Support Files/Pods-Example/Pods-Example.release.xcconfig"; sourceTree = "<group>"; };
		B67D30E728974AF8004FC40B /* Example.app */ = {isa = PBXFileReference; explicitFileType = wrapper.application; includeInIndex = 0; path = Example.app; sourceTree = BUILT_PRODUCTS_DIR; };
		B67D30EA28974AF8004FC40B /* AppDelegate.swift */ = {isa = PBXFileReference; lastKnownFileType = sourcecode.swift; path = AppDelegate.swift; sourceTree = "<group>"; };
		B67D30EC28974AF8004FC40B /* SceneDelegate.swift */ = {isa = PBXFileReference; lastKnownFileType = sourcecode.swift; path = SceneDelegate.swift; sourceTree = "<group>"; };
		B67D30EE28974AF8004FC40B /* ViewController.swift */ = {isa = PBXFileReference; lastKnownFileType = sourcecode.swift; path = ViewController.swift; sourceTree = "<group>"; };
		B67D30F128974AF8004FC40B /* Base */ = {isa = PBXFileReference; lastKnownFileType = file.storyboard; name = Base; path = Base.lproj/Main.storyboard; sourceTree = "<group>"; };
		B67D30F628974B00004FC40B /* Assets.xcassets */ = {isa = PBXFileReference; lastKnownFileType = folder.assetcatalog; path = Assets.xcassets; sourceTree = "<group>"; };
		B67D30F928974B00004FC40B /* Base */ = {isa = PBXFileReference; lastKnownFileType = file.storyboard; name = Base; path = Base.lproj/LaunchScreen.storyboard; sourceTree = "<group>"; };
		B67D30FB28974B00004FC40B /* Info.plist */ = {isa = PBXFileReference; lastKnownFileType = text.plist.xml; path = Info.plist; sourceTree = "<group>"; };
		B67D310028974B00004FC40B /* ExampleTests.xctest */ = {isa = PBXFileReference; explicitFileType = wrapper.cfbundle; includeInIndex = 0; path = ExampleTests.xctest; sourceTree = BUILT_PRODUCTS_DIR; };
		B67D310428974B00004FC40B /* ExampleTests.swift */ = {isa = PBXFileReference; lastKnownFileType = sourcecode.swift; path = ExampleTests.swift; sourceTree = "<group>"; };
		B67D310A28974B00004FC40B /* ExampleUITests.xctest */ = {isa = PBXFileReference; explicitFileType = wrapper.cfbundle; includeInIndex = 0; path = ExampleUITests.xctest; sourceTree = BUILT_PRODUCTS_DIR; };
		B67D310E28974B00004FC40B /* ExampleUITests.swift */ = {isa = PBXFileReference; lastKnownFileType = sourcecode.swift; path = ExampleUITests.swift; sourceTree = "<group>"; };
		B67D311028974B00004FC40B /* ExampleUITestsLaunchTests.swift */ = {isa = PBXFileReference; lastKnownFileType = sourcecode.swift; path = ExampleUITestsLaunchTests.swift; sourceTree = "<group>"; };
		B67D311F28974B92004FC40B /* README.md */ = {isa = PBXFileReference; fileEncoding = 4; lastKnownFileType = net.daringfireball.markdown; name = README.md; path = ../README.md; sourceTree = "<group>"; };
		B67D312028974B93004FC40B /* AnnotationSwift.podspec */ = {isa = PBXFileReference; fileEncoding = 4; lastKnownFileType = text; name = AnnotationSwift.podspec; path = ../AnnotationSwift.podspec; sourceTree = "<group>"; xcLanguageSpecificationIdentifier = xcode.lang.ruby; };
		B67D312328974B9E004FC40B /* Podfile */ = {isa = PBXFileReference; fileEncoding = 4; lastKnownFileType = text; path = Podfile; sourceTree = "<group>"; xcLanguageSpecificationIdentifier = xcode.lang.ruby; };
		B67D312528975291004FC40B /* LICENSE.md */ = {isa = PBXFileReference; fileEncoding = 4; lastKnownFileType = net.daringfireball.markdown; name = LICENSE.md; path = ../LICENSE.md; sourceTree = "<group>"; };
		B67D3127289769B4004FC40B /* Changelog.md */ = {isa = PBXFileReference; fileEncoding = 4; lastKnownFileType = net.daringfireball.markdown; name = Changelog.md; path = ../Changelog.md; sourceTree = "<group>"; };
		B7DA9F155268FAA1157F13A1 /* Pods-Example-ExampleUITests.release.xcconfig */ = {isa = PBXFileReference; includeInIndex = 1; lastKnownFileType = text.xcconfig; name = "Pods-Example-ExampleUITests.release.xcconfig"; path = "Target Support Files/Pods-Example-ExampleUITests/Pods-Example-ExampleUITests.release.xcconfig"; sourceTree = "<group>"; };
		C0F4281144E3CA4BCCAC4BAA /* Pods-Example-ExampleUITests.debug.xcconfig */ = {isa = PBXFileReference; includeInIndex = 1; lastKnownFileType = text.xcconfig; name = "Pods-Example-ExampleUITests.debug.xcconfig"; path = "Target Support Files/Pods-Example-ExampleUITests/Pods-Example-ExampleUITests.debug.xcconfig"; sourceTree = "<group>"; };
		CCA026791278CAB596EF75F5 /* Pods_ExampleTests.framework */ = {isa = PBXFileReference; explicitFileType = wrapper.framework; includeInIndex = 0; path = Pods_ExampleTests.framework; sourceTree = BUILT_PRODUCTS_DIR; };
		D36C3F0D24D2162299CF483E /* Pods_Example_ExampleUITests.framework */ = {isa = PBXFileReference; explicitFileType = wrapper.framework; includeInIndex = 0; path = Pods_Example_ExampleUITests.framework; sourceTree = BUILT_PRODUCTS_DIR; };
		E67239A72F43332440C6BD38 /* Pods-ExampleTests.release.xcconfig */ = {isa = PBXFileReference; includeInIndex = 1; lastKnownFileType = text.xcconfig; name = "Pods-ExampleTests.release.xcconfig"; path = "Target Support Files/Pods-ExampleTests/Pods-ExampleTests.release.xcconfig"; sourceTree = "<group>"; };
/* End PBXFileReference section */

/* Begin PBXFrameworksBuildPhase section */
		B67D30E428974AF8004FC40B /* Frameworks */ = {
			isa = PBXFrameworksBuildPhase;
			buildActionMask = 2147483647;
			files = (
				050DBE1540B071F8EB5F4C36 /* Pods_Example.framework in Frameworks */,
			);
			runOnlyForDeploymentPostprocessing = 0;
		};
		B67D30FD28974B00004FC40B /* Frameworks */ = {
			isa = PBXFrameworksBuildPhase;
			buildActionMask = 2147483647;
			files = (
				F22D599CA597C4423E5A7A62 /* Pods_ExampleTests.framework in Frameworks */,
			);
			runOnlyForDeploymentPostprocessing = 0;
		};
		B67D310728974B00004FC40B /* Frameworks */ = {
			isa = PBXFrameworksBuildPhase;
			buildActionMask = 2147483647;
			files = (
				F51340115F0D1DF5A7C6DEAC /* Pods_Example_ExampleUITests.framework in Frameworks */,
			);
			runOnlyForDeploymentPostprocessing = 0;
		};
/* End PBXFrameworksBuildPhase section */

/* Begin PBXGroup section */
		4B95521B56318371D9272710 /* Pods */ = {
			isa = PBXGroup;
			children = (
				280BE5CB2F560A91EAFD23F4 /* Pods-Example.debug.xcconfig */,
				9239849B26B77F4E4C296A58 /* Pods-Example.release.xcconfig */,
				C0F4281144E3CA4BCCAC4BAA /* Pods-Example-ExampleUITests.debug.xcconfig */,
				B7DA9F155268FAA1157F13A1 /* Pods-Example-ExampleUITests.release.xcconfig */,
				7DED1ABF02E636F2243BDA0D /* Pods-ExampleTests.debug.xcconfig */,
				E67239A72F43332440C6BD38 /* Pods-ExampleTests.release.xcconfig */,
			);
			path = Pods;
			sourceTree = "<group>";
		};
		B67D30DE28974AF8004FC40B = {
			isa = PBXGroup;
			children = (
				B67D311E28974B7C004FC40B /* Metadata */,
				B67D30E928974AF8004FC40B /* Example */,
				B67D310328974B00004FC40B /* ExampleTests */,
				B67D310D28974B00004FC40B /* ExampleUITests */,
				B67D30E828974AF8004FC40B /* Products */,
				4B95521B56318371D9272710 /* Pods */,
				BD33BF96902219C83D3A4A37 /* Frameworks */,
			);
			sourceTree = "<group>";
		};
		B67D30E828974AF8004FC40B /* Products */ = {
			isa = PBXGroup;
			children = (
				B67D30E728974AF8004FC40B /* Example.app */,
				B67D310028974B00004FC40B /* ExampleTests.xctest */,
				B67D310A28974B00004FC40B /* ExampleUITests.xctest */,
			);
			name = Products;
			sourceTree = "<group>";
		};
		B67D30E928974AF8004FC40B /* Example */ = {
			isa = PBXGroup;
			children = (
				B67D30EA28974AF8004FC40B /* AppDelegate.swift */,
				B67D30EC28974AF8004FC40B /* SceneDelegate.swift */,
				B67D30EE28974AF8004FC40B /* ViewController.swift */,
				B67D30F028974AF8004FC40B /* Main.storyboard */,
				B67D30F628974B00004FC40B /* Assets.xcassets */,
				B67D30F828974B00004FC40B /* LaunchScreen.storyboard */,
				B67D30FB28974B00004FC40B /* Info.plist */,
			);
			path = Example;
			sourceTree = "<group>";
		};
		B67D310328974B00004FC40B /* ExampleTests */ = {
			isa = PBXGroup;
			children = (
				B67D310428974B00004FC40B /* ExampleTests.swift */,
			);
			path = ExampleTests;
			sourceTree = "<group>";
		};
		B67D310D28974B00004FC40B /* ExampleUITests */ = {
			isa = PBXGroup;
			children = (
				B67D310E28974B00004FC40B /* ExampleUITests.swift */,
				B67D311028974B00004FC40B /* ExampleUITestsLaunchTests.swift */,
			);
			path = ExampleUITests;
			sourceTree = "<group>";
		};
		B67D311E28974B7C004FC40B /* Metadata */ = {
			isa = PBXGroup;
			children = (
				B67D3127289769B4004FC40B /* Changelog.md */,
				B67D312528975291004FC40B /* LICENSE.md */,
				B67D312328974B9E004FC40B /* Podfile */,
				B67D312028974B93004FC40B /* AnnotationSwift.podspec */,
				B67D311F28974B92004FC40B /* README.md */,
			);
			name = Metadata;
			sourceTree = "<group>";
		};
		BD33BF96902219C83D3A4A37 /* Frameworks */ = {
			isa = PBXGroup;
			children = (
				623E75E720F5D301067C5D05 /* Pods_Example.framework */,
				D36C3F0D24D2162299CF483E /* Pods_Example_ExampleUITests.framework */,
				CCA026791278CAB596EF75F5 /* Pods_ExampleTests.framework */,
			);
			name = Frameworks;
			sourceTree = "<group>";
		};
/* End PBXGroup section */

/* Begin PBXNativeTarget section */
		B67D30E628974AF8004FC40B /* Example */ = {
			isa = PBXNativeTarget;
			buildConfigurationList = B67D311428974B00004FC40B /* Build configuration list for PBXNativeTarget "Example" */;
			buildPhases = (
				73CC603051B0552DD17D8D3E /* [CP] Check Pods Manifest.lock */,
				B67D30E328974AF8004FC40B /* Sources */,
				B67D30E428974AF8004FC40B /* Frameworks */,
				B67D30E528974AF8004FC40B /* Resources */,
				09DCBA08BD7561DF3E94DCDA /* [CP] Embed Pods Frameworks */,
			);
			buildRules = (
			);
			dependencies = (
			);
			name = Example;
			productName = Example;
			productReference = B67D30E728974AF8004FC40B /* Example.app */;
			productType = "com.apple.product-type.application";
		};
		B67D30FF28974B00004FC40B /* ExampleTests */ = {
			isa = PBXNativeTarget;
			buildConfigurationList = B67D311728974B00004FC40B /* Build configuration list for PBXNativeTarget "ExampleTests" */;
			buildPhases = (
				9E9437288EF74FE6E90CD8E9 /* [CP] Check Pods Manifest.lock */,
				B67D30FC28974B00004FC40B /* Sources */,
				B67D30FD28974B00004FC40B /* Frameworks */,
				B67D30FE28974B00004FC40B /* Resources */,
				48169FD186E2EC5FCE32D0D4 /* [CP] Embed Pods Frameworks */,
			);
			buildRules = (
			);
			dependencies = (
				B67D310228974B00004FC40B /* PBXTargetDependency */,
			);
			name = ExampleTests;
			productName = ExampleTests;
			productReference = B67D310028974B00004FC40B /* ExampleTests.xctest */;
			productType = "com.apple.product-type.bundle.unit-test";
		};
		B67D310928974B00004FC40B /* ExampleUITests */ = {
			isa = PBXNativeTarget;
			buildConfigurationList = B67D311A28974B00004FC40B /* Build configuration list for PBXNativeTarget "ExampleUITests" */;
			buildPhases = (
				7A03DE2DF51791A70594B367 /* [CP] Check Pods Manifest.lock */,
				B67D310628974B00004FC40B /* Sources */,
				B67D310728974B00004FC40B /* Frameworks */,
				B67D310828974B00004FC40B /* Resources */,
				BE792BB4451AA59E6A84101D /* [CP] Embed Pods Frameworks */,
			);
			buildRules = (
			);
			dependencies = (
				B67D310C28974B00004FC40B /* PBXTargetDependency */,
			);
			name = ExampleUITests;
			productName = ExampleUITests;
			productReference = B67D310A28974B00004FC40B /* ExampleUITests.xctest */;
			productType = "com.apple.product-type.bundle.ui-testing";
		};
/* End PBXNativeTarget section */

/* Begin PBXProject section */
		B67D30DF28974AF8004FC40B /* Project object */ = {
			isa = PBXProject;
			attributes = {
				BuildIndependentTargetsInParallel = 1;
				LastSwiftUpdateCheck = 1330;
				LastUpgradeCheck = 1330;
				TargetAttributes = {
					B67D30E628974AF8004FC40B = {
						CreatedOnToolsVersion = 13.3;
					};
					B67D30FF28974B00004FC40B = {
						CreatedOnToolsVersion = 13.3;
						TestTargetID = B67D30E628974AF8004FC40B;
					};
					B67D310928974B00004FC40B = {
						CreatedOnToolsVersion = 13.3;
						TestTargetID = B67D30E628974AF8004FC40B;
					};
				};
			};
			buildConfigurationList = B67D30E228974AF8004FC40B /* Build configuration list for PBXProject "Example" */;
			compatibilityVersion = "Xcode 13.0";
			developmentRegion = en;
			hasScannedForEncodings = 0;
			knownRegions = (
				en,
				Base,
			);
			mainGroup = B67D30DE28974AF8004FC40B;
			productRefGroup = B67D30E828974AF8004FC40B /* Products */;
			projectDirPath = "";
			projectRoot = "";
			targets = (
				B67D30E628974AF8004FC40B /* Example */,
				B67D30FF28974B00004FC40B /* ExampleTests */,
				B67D310928974B00004FC40B /* ExampleUITests */,
			);
		};
/* End PBXProject section */

/* Begin PBXResourcesBuildPhase section */
		B67D30E528974AF8004FC40B /* Resources */ = {
			isa = PBXResourcesBuildPhase;
			buildActionMask = 2147483647;
			files = (
				B67D312428974B9E004FC40B /* Podfile in Resources */,
				B67D312228974B93004FC40B /* AnnotationSwift.podspec in Resources */,
				B67D30FA28974B00004FC40B /* LaunchScreen.storyboard in Resources */,
				B67D3128289769B4004FC40B /* Changelog.md in Resources */,
				B67D30F728974B00004FC40B /* Assets.xcassets in Resources */,
				B67D312128974B93004FC40B /* README.md in Resources */,
				B67D30F228974AF8004FC40B /* Main.storyboard in Resources */,
				B67D312628975292004FC40B /* LICENSE.md in Resources */,
			);
			runOnlyForDeploymentPostprocessing = 0;
		};
		B67D30FE28974B00004FC40B /* Resources */ = {
			isa = PBXResourcesBuildPhase;
			buildActionMask = 2147483647;
			files = (
			);
			runOnlyForDeploymentPostprocessing = 0;
		};
		B67D310828974B00004FC40B /* Resources */ = {
			isa = PBXResourcesBuildPhase;
			buildActionMask = 2147483647;
			files = (
			);
			runOnlyForDeploymentPostprocessing = 0;
		};
/* End PBXResourcesBuildPhase section */

/* Begin PBXShellScriptBuildPhase section */
		09DCBA08BD7561DF3E94DCDA /* [CP] Embed Pods Frameworks */ = {
			isa = PBXShellScriptBuildPhase;
			buildActionMask = 2147483647;
			files = (
			);
			inputFileListPaths = (
				"${PODS_ROOT}/Target Support Files/Pods-Example/Pods-Example-frameworks-${CONFIGURATION}-input-files.xcfilelist",
			);
			name = "[CP] Embed Pods Frameworks";
			outputFileListPaths = (
				"${PODS_ROOT}/Target Support Files/Pods-Example/Pods-Example-frameworks-${CONFIGURATION}-output-files.xcfilelist",
			);
			runOnlyForDeploymentPostprocessing = 0;
			shellPath = /bin/sh;
			shellScript = "\"${PODS_ROOT}/Target Support Files/Pods-Example/Pods-Example-frameworks.sh\"\n";
			showEnvVarsInLog = 0;
		};
		48169FD186E2EC5FCE32D0D4 /* [CP] Embed Pods Frameworks */ = {
			isa = PBXShellScriptBuildPhase;
			buildActionMask = 2147483647;
			files = (
			);
			inputFileListPaths = (
				"${PODS_ROOT}/Target Support Files/Pods-ExampleTests/Pods-ExampleTests-frameworks-${CONFIGURATION}-input-files.xcfilelist",
			);
			name = "[CP] Embed Pods Frameworks";
			outputFileListPaths = (
				"${PODS_ROOT}/Target Support Files/Pods-ExampleTests/Pods-ExampleTests-frameworks-${CONFIGURATION}-output-files.xcfilelist",
			);
			runOnlyForDeploymentPostprocessing = 0;
			shellPath = /bin/sh;
			shellScript = "\"${PODS_ROOT}/Target Support Files/Pods-ExampleTests/Pods-ExampleTests-frameworks.sh\"\n";
			showEnvVarsInLog = 0;
		};
		73CC603051B0552DD17D8D3E /* [CP] Check Pods Manifest.lock */ = {
			isa = PBXShellScriptBuildPhase;
			buildActionMask = 2147483647;
			files = (
			);
			inputFileListPaths = (
			);
			inputPaths = (
				"${PODS_PODFILE_DIR_PATH}/Podfile.lock",
				"${PODS_ROOT}/Manifest.lock",
			);
			name = "[CP] Check Pods Manifest.lock";
			outputFileListPaths = (
			);
			outputPaths = (
				"$(DERIVED_FILE_DIR)/Pods-Example-checkManifestLockResult.txt",
			);
			runOnlyForDeploymentPostprocessing = 0;
			shellPath = /bin/sh;
			shellScript = "diff \"${PODS_PODFILE_DIR_PATH}/Podfile.lock\" \"${PODS_ROOT}/Manifest.lock\" > /dev/null\nif [ $? != 0 ] ; then\n    # print error to STDERR\n    echo \"error: The sandbox is not in sync with the Podfile.lock. Run 'pod install' or update your CocoaPods installation.\" >&2\n    exit 1\nfi\n# This output is used by Xcode 'outputs' to avoid re-running this script phase.\necho \"SUCCESS\" > \"${SCRIPT_OUTPUT_FILE_0}\"\n";
			showEnvVarsInLog = 0;
		};
		7A03DE2DF51791A70594B367 /* [CP] Check Pods Manifest.lock */ = {
			isa = PBXShellScriptBuildPhase;
			buildActionMask = 2147483647;
			files = (
			);
			inputFileListPaths = (
			);
			inputPaths = (
				"${PODS_PODFILE_DIR_PATH}/Podfile.lock",
				"${PODS_ROOT}/Manifest.lock",
			);
			name = "[CP] Check Pods Manifest.lock";
			outputFileListPaths = (
			);
			outputPaths = (
				"$(DERIVED_FILE_DIR)/Pods-Example-ExampleUITests-checkManifestLockResult.txt",
			);
			runOnlyForDeploymentPostprocessing = 0;
			shellPath = /bin/sh;
			shellScript = "diff \"${PODS_PODFILE_DIR_PATH}/Podfile.lock\" \"${PODS_ROOT}/Manifest.lock\" > /dev/null\nif [ $? != 0 ] ; then\n    # print error to STDERR\n    echo \"error: The sandbox is not in sync with the Podfile.lock. Run 'pod install' or update your CocoaPods installation.\" >&2\n    exit 1\nfi\n# This output is used by Xcode 'outputs' to avoid re-running this script phase.\necho \"SUCCESS\" > \"${SCRIPT_OUTPUT_FILE_0}\"\n";
			showEnvVarsInLog = 0;
		};
		9E9437288EF74FE6E90CD8E9 /* [CP] Check Pods Manifest.lock */ = {
			isa = PBXShellScriptBuildPhase;
			buildActionMask = 2147483647;
			files = (
			);
			inputFileListPaths = (
			);
			inputPaths = (
				"${PODS_PODFILE_DIR_PATH}/Podfile.lock",
				"${PODS_ROOT}/Manifest.lock",
			);
			name = "[CP] Check Pods Manifest.lock";
			outputFileListPaths = (
			);
			outputPaths = (
				"$(DERIVED_FILE_DIR)/Pods-ExampleTests-checkManifestLockResult.txt",
			);
			runOnlyForDeploymentPostprocessing = 0;
			shellPath = /bin/sh;
			shellScript = "diff \"${PODS_PODFILE_DIR_PATH}/Podfile.lock\" \"${PODS_ROOT}/Manifest.lock\" > /dev/null\nif [ $? != 0 ] ; then\n    # print error to STDERR\n    echo \"error: The sandbox is not in sync with the Podfile.lock. Run 'pod install' or update your CocoaPods installation.\" >&2\n    exit 1\nfi\n# This output is used by Xcode 'outputs' to avoid re-running this script phase.\necho \"SUCCESS\" > \"${SCRIPT_OUTPUT_FILE_0}\"\n";
			showEnvVarsInLog = 0;
		};
		BE792BB4451AA59E6A84101D /* [CP] Embed Pods Frameworks */ = {
			isa = PBXShellScriptBuildPhase;
			buildActionMask = 2147483647;
			files = (
			);
			inputFileListPaths = (
				"${PODS_ROOT}/Target Support Files/Pods-Example-ExampleUITests/Pods-Example-ExampleUITests-frameworks-${CONFIGURATION}-input-files.xcfilelist",
			);
			name = "[CP] Embed Pods Frameworks";
			outputFileListPaths = (
				"${PODS_ROOT}/Target Support Files/Pods-Example-ExampleUITests/Pods-Example-ExampleUITests-frameworks-${CONFIGURATION}-output-files.xcfilelist",
			);
			runOnlyForDeploymentPostprocessing = 0;
			shellPath = /bin/sh;
			shellScript = "\"${PODS_ROOT}/Target Support Files/Pods-Example-ExampleUITests/Pods-Example-ExampleUITests-frameworks.sh\"\n";
			showEnvVarsInLog = 0;
		};
/* End PBXShellScriptBuildPhase section */

/* Begin PBXSourcesBuildPhase section */
		B67D30E328974AF8004FC40B /* Sources */ = {
			isa = PBXSourcesBuildPhase;
			buildActionMask = 2147483647;
			files = (
				B67D30EF28974AF8004FC40B /* ViewController.swift in Sources */,
				B67D30EB28974AF8004FC40B /* AppDelegate.swift in Sources */,
				B67D30ED28974AF8004FC40B /* SceneDelegate.swift in Sources */,
			);
			runOnlyForDeploymentPostprocessing = 0;
		};
		B67D30FC28974B00004FC40B /* Sources */ = {
			isa = PBXSourcesBuildPhase;
			buildActionMask = 2147483647;
			files = (
				B67D310528974B00004FC40B /* ExampleTests.swift in Sources */,
			);
			runOnlyForDeploymentPostprocessing = 0;
		};
		B67D310628974B00004FC40B /* Sources */ = {
			isa = PBXSourcesBuildPhase;
			buildActionMask = 2147483647;
			files = (
				B67D310F28974B00004FC40B /* ExampleUITests.swift in Sources */,
				B67D311128974B00004FC40B /* ExampleUITestsLaunchTests.swift in Sources */,
			);
			runOnlyForDeploymentPostprocessing = 0;
		};
/* End PBXSourcesBuildPhase section */

/* Begin PBXTargetDependency section */
		B67D310228974B00004FC40B /* PBXTargetDependency */ = {
			isa = PBXTargetDependency;
			target = B67D30E628974AF8004FC40B /* Example */;
			targetProxy = B67D310128974B00004FC40B /* PBXContainerItemProxy */;
		};
		B67D310C28974B00004FC40B /* PBXTargetDependency */ = {
			isa = PBXTargetDependency;
			target = B67D30E628974AF8004FC40B /* Example */;
			targetProxy = B67D310B28974B00004FC40B /* PBXContainerItemProxy */;
		};
/* End PBXTargetDependency section */

/* Begin PBXVariantGroup section */
		B67D30F028974AF8004FC40B /* Main.storyboard */ = {
			isa = PBXVariantGroup;
			children = (
				B67D30F128974AF8004FC40B /* Base */,
			);
			name = Main.storyboard;
			sourceTree = "<group>";
		};
		B67D30F828974B00004FC40B /* LaunchScreen.storyboard */ = {
			isa = PBXVariantGroup;
			children = (
				B67D30F928974B00004FC40B /* Base */,
			);
			name = LaunchScreen.storyboard;
			sourceTree = "<group>";
		};
/* End PBXVariantGroup section */

/* Begin XCBuildConfiguration section */
		B67D311228974B00004FC40B /* Debug */ = {
			isa = XCBuildConfiguration;
			buildSettings = {
				ALWAYS_SEARCH_USER_PATHS = NO;
				CLANG_ANALYZER_NONNULL = YES;
				CLANG_ANALYZER_NUMBER_OBJECT_CONVERSION = YES_AGGRESSIVE;
				CLANG_CXX_LANGUAGE_STANDARD = "gnu++17";
				CLANG_ENABLE_MODULES = YES;
				CLANG_ENABLE_OBJC_ARC = YES;
				CLANG_ENABLE_OBJC_WEAK = YES;
				CLANG_WARN_BLOCK_CAPTURE_AUTORELEASING = YES;
				CLANG_WARN_BOOL_CONVERSION = YES;
				CLANG_WARN_COMMA = YES;
				CLANG_WARN_CONSTANT_CONVERSION = YES;
				CLANG_WARN_DEPRECATED_OBJC_IMPLEMENTATIONS = YES;
				CLANG_WARN_DIRECT_OBJC_ISA_USAGE = YES_ERROR;
				CLANG_WARN_DOCUMENTATION_COMMENTS = YES;
				CLANG_WARN_EMPTY_BODY = YES;
				CLANG_WARN_ENUM_CONVERSION = YES;
				CLANG_WARN_INFINITE_RECURSION = YES;
				CLANG_WARN_INT_CONVERSION = YES;
				CLANG_WARN_NON_LITERAL_NULL_CONVERSION = YES;
				CLANG_WARN_OBJC_IMPLICIT_RETAIN_SELF = YES;
				CLANG_WARN_OBJC_LITERAL_CONVERSION = YES;
				CLANG_WARN_OBJC_ROOT_CLASS = YES_ERROR;
				CLANG_WARN_QUOTED_INCLUDE_IN_FRAMEWORK_HEADER = YES;
				CLANG_WARN_RANGE_LOOP_ANALYSIS = YES;
				CLANG_WARN_STRICT_PROTOTYPES = YES;
				CLANG_WARN_SUSPICIOUS_MOVE = YES;
				CLANG_WARN_UNGUARDED_AVAILABILITY = YES_AGGRESSIVE;
				CLANG_WARN_UNREACHABLE_CODE = YES;
				CLANG_WARN__DUPLICATE_METHOD_MATCH = YES;
				COPY_PHASE_STRIP = NO;
				DEBUG_INFORMATION_FORMAT = dwarf;
				ENABLE_STRICT_OBJC_MSGSEND = YES;
				ENABLE_TESTABILITY = YES;
				GCC_C_LANGUAGE_STANDARD = gnu11;
				GCC_DYNAMIC_NO_PIC = NO;
				GCC_NO_COMMON_BLOCKS = YES;
				GCC_OPTIMIZATION_LEVEL = 0;
				GCC_PREPROCESSOR_DEFINITIONS = (
					"DEBUG=1",
					"$(inherited)",
				);
				GCC_WARN_64_TO_32_BIT_CONVERSION = YES;
				GCC_WARN_ABOUT_RETURN_TYPE = YES_ERROR;
				GCC_WARN_UNDECLARED_SELECTOR = YES;
				GCC_WARN_UNINITIALIZED_AUTOS = YES_AGGRESSIVE;
				GCC_WARN_UNUSED_FUNCTION = YES;
				GCC_WARN_UNUSED_VARIABLE = YES;
				IPHONEOS_DEPLOYMENT_TARGET = 15.4;
				MTL_ENABLE_DEBUG_INFO = INCLUDE_SOURCE;
				MTL_FAST_MATH = YES;
				ONLY_ACTIVE_ARCH = YES;
				SDKROOT = iphoneos;
				SWIFT_ACTIVE_COMPILATION_CONDITIONS = DEBUG;
				SWIFT_OPTIMIZATION_LEVEL = "-Onone";
			};
			name = Debug;
		};
		B67D311328974B00004FC40B /* Release */ = {
			isa = XCBuildConfiguration;
			buildSettings = {
				ALWAYS_SEARCH_USER_PATHS = NO;
				CLANG_ANALYZER_NONNULL = YES;
				CLANG_ANALYZER_NUMBER_OBJECT_CONVERSION = YES_AGGRESSIVE;
				CLANG_CXX_LANGUAGE_STANDARD = "gnu++17";
				CLANG_ENABLE_MODULES = YES;
				CLANG_ENABLE_OBJC_ARC = YES;
				CLANG_ENABLE_OBJC_WEAK = YES;
				CLANG_WARN_BLOCK_CAPTURE_AUTORELEASING = YES;
				CLANG_WARN_BOOL_CONVERSION = YES;
				CLANG_WARN_COMMA = YES;
				CLANG_WARN_CONSTANT_CONVERSION = YES;
				CLANG_WARN_DEPRECATED_OBJC_IMPLEMENTATIONS = YES;
				CLANG_WARN_DIRECT_OBJC_ISA_USAGE = YES_ERROR;
				CLANG_WARN_DOCUMENTATION_COMMENTS = YES;
				CLANG_WARN_EMPTY_BODY = YES;
				CLANG_WARN_ENUM_CONVERSION = YES;
				CLANG_WARN_INFINITE_RECURSION = YES;
				CLANG_WARN_INT_CONVERSION = YES;
				CLANG_WARN_NON_LITERAL_NULL_CONVERSION = YES;
				CLANG_WARN_OBJC_IMPLICIT_RETAIN_SELF = YES;
				CLANG_WARN_OBJC_LITERAL_CONVERSION = YES;
				CLANG_WARN_OBJC_ROOT_CLASS = YES_ERROR;
				CLANG_WARN_QUOTED_INCLUDE_IN_FRAMEWORK_HEADER = YES;
				CLANG_WARN_RANGE_LOOP_ANALYSIS = YES;
				CLANG_WARN_STRICT_PROTOTYPES = YES;
				CLANG_WARN_SUSPICIOUS_MOVE = YES;
				CLANG_WARN_UNGUARDED_AVAILABILITY = YES_AGGRESSIVE;
				CLANG_WARN_UNREACHABLE_CODE = YES;
				CLANG_WARN__DUPLICATE_METHOD_MATCH = YES;
				COPY_PHASE_STRIP = NO;
				DEBUG_INFORMATION_FORMAT = "dwarf-with-dsym";
				ENABLE_NS_ASSERTIONS = NO;
				ENABLE_STRICT_OBJC_MSGSEND = YES;
				GCC_C_LANGUAGE_STANDARD = gnu11;
				GCC_NO_COMMON_BLOCKS = YES;
				GCC_WARN_64_TO_32_BIT_CONVERSION = YES;
				GCC_WARN_ABOUT_RETURN_TYPE = YES_ERROR;
				GCC_WARN_UNDECLARED_SELECTOR = YES;
				GCC_WARN_UNINITIALIZED_AUTOS = YES_AGGRESSIVE;
				GCC_WARN_UNUSED_FUNCTION = YES;
				GCC_WARN_UNUSED_VARIABLE = YES;
				IPHONEOS_DEPLOYMENT_TARGET = 15.4;
				MTL_ENABLE_DEBUG_INFO = NO;
				MTL_FAST_MATH = YES;
				SDKROOT = iphoneos;
				SWIFT_COMPILATION_MODE = wholemodule;
				SWIFT_OPTIMIZATION_LEVEL = "-O";
				VALIDATE_PRODUCT = YES;
			};
			name = Release;
		};
		B67D311528974B00004FC40B /* Debug */ = {
			isa = XCBuildConfiguration;
			baseConfigurationReference = 280BE5CB2F560A91EAFD23F4 /* Pods-Example.debug.xcconfig */;
			buildSettings = {
				ASSETCATALOG_COMPILER_APPICON_NAME = AppIcon;
				ASSETCATALOG_COMPILER_GLOBAL_ACCENT_COLOR_NAME = AccentColor;
				CODE_SIGN_IDENTITY = "Apple Development";
				CODE_SIGN_STYLE = Automatic;
				CURRENT_PROJECT_VERSION = 1;
				DEVELOPMENT_TEAM = W7DAJUM9J6;
				GENERATE_INFOPLIST_FILE = YES;
				INFOPLIST_FILE = Example/Info.plist;
				INFOPLIST_KEY_UIApplicationSupportsIndirectInputEvents = YES;
				INFOPLIST_KEY_UILaunchStoryboardName = LaunchScreen;
				INFOPLIST_KEY_UIMainStoryboardFile = Main;
				INFOPLIST_KEY_UISupportedInterfaceOrientations_iPad = "UIInterfaceOrientationPortrait UIInterfaceOrientationPortraitUpsideDown UIInterfaceOrientationLandscapeLeft UIInterfaceOrientationLandscapeRight";
				INFOPLIST_KEY_UISupportedInterfaceOrientations_iPhone = "UIInterfaceOrientationPortrait UIInterfaceOrientationLandscapeLeft UIInterfaceOrientationLandscapeRight";
				LD_RUNPATH_SEARCH_PATHS = (
					"$(inherited)",
					"@executable_path/Frameworks",
				);
				MARKETING_VERSION = 1.0;
				PRODUCT_BUNDLE_IDENTIFIER = com.fsalddivar.Example;
				PRODUCT_NAME = "$(TARGET_NAME)";
				PROVISIONING_PROFILE_SPECIFIER = "";
				SWIFT_EMIT_LOC_STRINGS = YES;
				SWIFT_VERSION = 5.0;
				TARGETED_DEVICE_FAMILY = "1,2";
			};
			name = Debug;
		};
		B67D311628974B00004FC40B /* Release */ = {
			isa = XCBuildConfiguration;
			baseConfigurationReference = 9239849B26B77F4E4C296A58 /* Pods-Example.release.xcconfig */;
			buildSettings = {
				ASSETCATALOG_COMPILER_APPICON_NAME = AppIcon;
				ASSETCATALOG_COMPILER_GLOBAL_ACCENT_COLOR_NAME = AccentColor;
				CODE_SIGN_IDENTITY = "Apple Development";
				CODE_SIGN_STYLE = Automatic;
				CURRENT_PROJECT_VERSION = 1;
				DEVELOPMENT_TEAM = W7DAJUM9J6;
				GENERATE_INFOPLIST_FILE = YES;
				INFOPLIST_FILE = Example/Info.plist;
				INFOPLIST_KEY_UIApplicationSupportsIndirectInputEvents = YES;
				INFOPLIST_KEY_UILaunchStoryboardName = LaunchScreen;
				INFOPLIST_KEY_UIMainStoryboardFile = Main;
				INFOPLIST_KEY_UISupportedInterfaceOrientations_iPad = "UIInterfaceOrientationPortrait UIInterfaceOrientationPortraitUpsideDown UIInterfaceOrientationLandscapeLeft UIInterfaceOrientationLandscapeRight";
				INFOPLIST_KEY_UISupportedInterfaceOrientations_iPhone = "UIInterfaceOrientationPortrait UIInterfaceOrientationLandscapeLeft UIInterfaceOrientationLandscapeRight";
				LD_RUNPATH_SEARCH_PATHS = (
					"$(inherited)",
					"@executable_path/Frameworks",
				);
				MARKETING_VERSION = 1.0;
				PRODUCT_BUNDLE_IDENTIFIER = com.fsalddivar.Example;
				PRODUCT_NAME = "$(TARGET_NAME)";
				PROVISIONING_PROFILE_SPECIFIER = "";
				SWIFT_EMIT_LOC_STRINGS = YES;
				SWIFT_VERSION = 5.0;
				TARGETED_DEVICE_FAMILY = "1,2";
			};
			name = Release;
		};
		B67D311828974B00004FC40B /* Debug */ = {
			isa = XCBuildConfiguration;
			baseConfigurationReference = 7DED1ABF02E636F2243BDA0D /* Pods-ExampleTests.debug.xcconfig */;
			buildSettings = {
				ALWAYS_EMBED_SWIFT_STANDARD_LIBRARIES = YES;
				BUNDLE_LOADER = "$(TEST_HOST)";
				CODE_SIGN_STYLE = Automatic;
				CURRENT_PROJECT_VERSION = 1;
				DEVELOPMENT_TEAM = W7DAJUM9J6;
				GENERATE_INFOPLIST_FILE = YES;
				IPHONEOS_DEPLOYMENT_TARGET = 15.4;
				MARKETING_VERSION = 1.0;
				PRODUCT_BUNDLE_IDENTIFIER = com.fsalddivar.ExampleTests;
				PRODUCT_NAME = "$(TARGET_NAME)";
				SWIFT_EMIT_LOC_STRINGS = NO;
				SWIFT_VERSION = 5.0;
				TARGETED_DEVICE_FAMILY = "1,2";
				TEST_HOST = "$(BUILT_PRODUCTS_DIR)/Example.app/Example";
			};
			name = Debug;
		};
		B67D311928974B00004FC40B /* Release */ = {
			isa = XCBuildConfiguration;
			baseConfigurationReference = E67239A72F43332440C6BD38 /* Pods-ExampleTests.release.xcconfig */;
			buildSettings = {
				ALWAYS_EMBED_SWIFT_STANDARD_LIBRARIES = YES;
				BUNDLE_LOADER = "$(TEST_HOST)";
				CODE_SIGN_STYLE = Automatic;
				CURRENT_PROJECT_VERSION = 1;
				DEVELOPMENT_TEAM = W7DAJUM9J6;
				GENERATE_INFOPLIST_FILE = YES;
				IPHONEOS_DEPLOYMENT_TARGET = 15.4;
				MARKETING_VERSION = 1.0;
				PRODUCT_BUNDLE_IDENTIFIER = com.fsalddivar.ExampleTests;
				PRODUCT_NAME = "$(TARGET_NAME)";
				SWIFT_EMIT_LOC_STRINGS = NO;
				SWIFT_VERSION = 5.0;
				TARGETED_DEVICE_FAMILY = "1,2";
				TEST_HOST = "$(BUILT_PRODUCTS_DIR)/Example.app/Example";
			};
			name = Release;
		};
		B67D311B28974B00004FC40B /* Debug */ = {
			isa = XCBuildConfiguration;
			baseConfigurationReference = C0F4281144E3CA4BCCAC4BAA /* Pods-Example-ExampleUITests.debug.xcconfig */;
			buildSettings = {
				ALWAYS_EMBED_SWIFT_STANDARD_LIBRARIES = YES;
				CODE_SIGN_STYLE = Automatic;
				CURRENT_PROJECT_VERSION = 1;
				DEVELOPMENT_TEAM = W7DAJUM9J6;
				GENERATE_INFOPLIST_FILE = YES;
				MARKETING_VERSION = 1.0;
				PRODUCT_BUNDLE_IDENTIFIER = com.fsalddivar.ExampleUITests;
				PRODUCT_NAME = "$(TARGET_NAME)";
				SWIFT_EMIT_LOC_STRINGS = NO;
				SWIFT_VERSION = 5.0;
				TARGETED_DEVICE_FAMILY = "1,2";
				TEST_TARGET_NAME = Example;
			};
			name = Debug;
		};
		B67D311C28974B00004FC40B /* Release */ = {
			isa = XCBuildConfiguration;
			baseConfigurationReference = B7DA9F155268FAA1157F13A1 /* Pods-Example-ExampleUITests.release.xcconfig */;
			buildSettings = {
				ALWAYS_EMBED_SWIFT_STANDARD_LIBRARIES = YES;
				CODE_SIGN_STYLE = Automatic;
				CURRENT_PROJECT_VERSION = 1;
				DEVELOPMENT_TEAM = W7DAJUM9J6;
				GENERATE_INFOPLIST_FILE = YES;
				MARKETING_VERSION = 1.0;
				PRODUCT_BUNDLE_IDENTIFIER = com.fsalddivar.ExampleUITests;
				PRODUCT_NAME = "$(TARGET_NAME)";
				SWIFT_EMIT_LOC_STRINGS = NO;
				SWIFT_VERSION = 5.0;
				TARGETED_DEVICE_FAMILY = "1,2";
				TEST_TARGET_NAME = Example;
			};
			name = Release;
		};
/* End XCBuildConfiguration section */

/* Begin XCConfigurationList section */
		B67D30E228974AF8004FC40B /* Build configuration list for PBXProject "Example" */ = {
			isa = XCConfigurationList;
			buildConfigurations = (
				B67D311228974B00004FC40B /* Debug */,
				B67D311328974B00004FC40B /* Release */,
			);
			defaultConfigurationIsVisible = 0;
			defaultConfigurationName = Release;
		};
		B67D311428974B00004FC40B /* Build configuration list for PBXNativeTarget "Example" */ = {
			isa = XCConfigurationList;
			buildConfigurations = (
				B67D311528974B00004FC40B /* Debug */,
				B67D311628974B00004FC40B /* Release */,
			);
			defaultConfigurationIsVisible = 0;
			defaultConfigurationName = Release;
		};
		B67D311728974B00004FC40B /* Build configuration list for PBXNativeTarget "ExampleTests" */ = {
			isa = XCConfigurationList;
			buildConfigurations = (
				B67D311828974B00004FC40B /* Debug */,
				B67D311928974B00004FC40B /* Release */,
			);
			defaultConfigurationIsVisible = 0;
			defaultConfigurationName = Release;
		};
		B67D311A28974B00004FC40B /* Build configuration list for PBXNativeTarget "ExampleUITests" */ = {
			isa = XCConfigurationList;
			buildConfigurations = (
				B67D311B28974B00004FC40B /* Debug */,
				B67D311C28974B00004FC40B /* Release */,
			);
			defaultConfigurationIsVisible = 0;
			defaultConfigurationName = Release;
		};
/* End XCConfigurationList section */
	};
	rootObject = B67D30DF28974AF8004FC40B /* Project object */;
}
